
Microsoft Visual Studio Solution File, Format Version 12.00
# Visual Studio Version 17
VisualStudioVersion = 17.7.34031.279
MinimumVisualStudioVersion = 10.0.40219.1
Project("{FAE04EC0-301F-11D3-BF4B-00C04F79EFBC}") = "Books Web App", "Books Web App.csproj", "{AA5B4FF2-BD09-4E59-B625-0F0BD9B56193}"
EndProject
Global
	GlobalSection(SolutionConfigurationPlatforms) = preSolution
		Debug|Any CPU = Debug|Any CPU
		Release|Any CPU = Release|Any CPU
	EndGlobalSection
	GlobalSection(ProjectConfigurationPlatforms) = postSolution
		{AA5B4FF2-BD09-4E59-B625-0F0BD9B56193}.Debug|Any CPU.ActiveCfg = Debug|Any CPU
		{AA5B4FF2-BD09-4E59-B625-0F0BD9B56193}.Debug|Any CPU.Build.0 = Debug|Any CPU
		{AA5B4FF2-BD09-4E59-B625-0F0BD9B56193}.Release|Any CPU.ActiveCfg = Release|Any CPU
		{AA5B4FF2-BD09-4E59-B625-0F0BD9B56193}.Release|Any CPU.Build.0 = Release|Any CPU
	EndGlobalSection
	GlobalSection(SolutionProperties) = preSolution
		HideSolutionNode = FALSE
	EndGlobalSection
	GlobalSection(ExtensibilityGlobals) = postSolution
		SolutionGuid = {16CC3D6D-6526-45A8-8387-58085ADE016B}
	EndGlobalSection
EndGlobal
